
Microsoft Visual Studio Solution File, Format Version 12.00
# Visual Studio 15
Project("{FAE04EC0-301F-11D3-BF4B-00C04F79EFBC}") = "Assembly-CSharp", "Assembly-CSharp.csproj", "{CD890943-097E-A0BC-7C31-158A42C9BAB1}"
EndProject
Project("{FAE04EC0-301F-11D3-BF4B-00C04F79EFBC}") = "PhotonUnityNetworking.Demos", "PhotonUnityNetworking.Demos.csproj", "{A8E4DF80-A009-051A-72B1-1A42514968B4}"
EndProject
Project("{FAE04EC0-301F-11D3-BF4B-00C04F79EFBC}") = "PhotonRealtime", "PhotonRealtime.csproj", "{50010639-6F26-C255-62FD-57B4F5F49729}"
EndProject
Project("{FAE04EC0-301F-11D3-BF4B-00C04F79EFBC}") = "PhotonUnityNetworking", "PhotonUnityNetworking.csproj", "{17B7368B-82CA-51D2-EA29-5E60F99090AE}"
EndProject
Project("{FAE04EC0-301F-11D3-BF4B-00C04F79EFBC}") = "PhotonUnityNetworking.Utilities", "PhotonUnityNetworking.Utilities.csproj", "{837D1577-83F2-DF3A-38F4-44CDF5A4A20E}"
EndProject
Project("{FAE04EC0-301F-11D3-BF4B-00C04F79EFBC}") = "PhotonChat", "PhotonChat.csproj", "{CA5C7AAC-90A6-CB0E-41A7-49C2BA2ADC91}"
EndProject
Project("{FAE04EC0-301F-11D3-BF4B-00C04F79EFBC}") = "Assembly-CSharp-firstpass", "Assembly-CSharp-firstpass.csproj", "{8413F9D0-B13D-A9A9-C5C7-E26E160B49CB}"
EndProject
Project("{FAE04EC0-301F-11D3-BF4B-00C04F79EFBC}") = "Assembly-CSharp-Editor", "Assembly-CSharp-Editor.csproj", "{8029D736-37B6-B929-7823-73D73D22A3A8}"
EndProject
Project("{FAE04EC0-301F-11D3-BF4B-00C04F79EFBC}") = "PhotonUnityNetworking.Editor", "PhotonUnityNetworking.Editor.csproj", "{91C2EFC8-2E1E-B123-4DF8-8CC8C36C7D50}"
EndProject
Project("{FAE04EC0-301F-11D3-BF4B-00C04F79EFBC}") = "PhotonUnityNetworking.Utilities.PhotonPlayer.Editor", "PhotonUnityNetworking.Utilities.PhotonPlayer.Editor.csproj", "{01D6EDE5-2F52-A2A2-70C4-C50050CFB977}"
EndProject
Project("{FAE04EC0-301F-11D3-BF4B-00C04F79EFBC}") = "PunDemos.DemoSlotcarEditor", "PunDemos.DemoSlotcarEditor.csproj", "{69CD5B0E-3E3A-A97A-EA98-56B02A037C3A}"
EndProject
Project("{FAE04EC0-301F-11D3-BF4B-00C04F79EFBC}") = "PhotonUnityNetworking.Utilities.Culling.Editor", "PhotonUnityNetworking.Utilities.Culling.Editor.csproj", "{2BBBED62-1CC9-EE5E-6E56-770D3E83C11C}"
EndProject
Project("{FAE04EC0-301F-11D3-BF4B-00C04F79EFBC}") = "PunDemos.DemoHubEditor", "PunDemos.DemoHubEditor.csproj", "{0BB13372-4812-0224-32D3-CC66E5C7A9D7}"
EndProject
Global
	GlobalSection(SolutionConfigurationPlatforms) = preSolution
		Debug|Any CPU = Debug|Any CPU
		Release|Any CPU = Release|Any CPU
	EndGlobalSection
	GlobalSection(ProjectConfigurationPlatforms) = postSolution
		{CD890943-097E-A0BC-7C31-158A42C9BAB1}.Debug|Any CPU.ActiveCfg = Debug|Any CPU
		{CD890943-097E-A0BC-7C31-158A42C9BAB1}.Debug|Any CPU.Build.0 = Debug|Any CPU
		{CD890943-097E-A0BC-7C31-158A42C9BAB1}.Release|Any CPU.ActiveCfg = Release|Any CPU
		{CD890943-097E-A0BC-7C31-158A42C9BAB1}.Release|Any CPU.Build.0 = Release|Any CPU
		{A8E4DF80-A009-051A-72B1-1A42514968B4}.Debug|Any CPU.ActiveCfg = Debug|Any CPU
		{A8E4DF80-A009-051A-72B1-1A42514968B4}.Debug|Any CPU.Build.0 = Debug|Any CPU
		{A8E4DF80-A009-051A-72B1-1A42514968B4}.Release|Any CPU.ActiveCfg = Release|Any CPU
		{A8E4DF80-A009-051A-72B1-1A42514968B4}.Release|Any CPU.Build.0 = Release|Any CPU
		{50010639-6F26-C255-62FD-57B4F5F49729}.Debug|Any CPU.ActiveCfg = Debug|Any CPU
		{50010639-6F26-C255-62FD-57B4F5F49729}.Debug|Any CPU.Build.0 = Debug|Any CPU
		{50010639-6F26-C255-62FD-57B4F5F49729}.Release|Any CPU.ActiveCfg = Release|Any CPU
		{50010639-6F26-C255-62FD-57B4F5F49729}.Release|Any CPU.Build.0 = Release|Any CPU
		{17B7368B-82CA-51D2-EA29-5E60F99090AE}.Debug|Any CPU.ActiveCfg = Debug|Any CPU
		{17B7368B-82CA-51D2-EA29-5E60F99090AE}.Debug|Any CPU.Build.0 = Debug|Any CPU
		{17B7368B-82CA-51D2-EA29-5E60F99090AE}.Release|Any CPU.ActiveCfg = Release|Any CPU
		{17B7368B-82CA-51D2-EA29-5E60F99090AE}.Release|Any CPU.Build.0 = Release|Any CPU
		{837D1577-83F2-DF3A-38F4-44CDF5A4A20E}.Debug|Any CPU.ActiveCfg = Debug|Any CPU
		{837D1577-83F2-DF3A-38F4-44CDF5A4A20E}.Debug|Any CPU.Build.0 = Debug|Any CPU
		{837D1577-83F2-DF3A-38F4-44CDF5A4A20E}.Release|Any CPU.ActiveCfg = Release|Any CPU
		{837D1577-83F2-DF3A-38F4-44CDF5A4A20E}.Release|Any CPU.Build.0 = Release|Any CPU
		{CA5C7AAC-90A6-CB0E-41A7-49C2BA2ADC91}.Debug|Any CPU.ActiveCfg = Debug|Any CPU
		{CA5C7AAC-90A6-CB0E-41A7-49C2BA2ADC91}.Debug|Any CPU.Build.0 = Debug|Any CPU
		{CA5C7AAC-90A6-CB0E-41A7-49C2BA2ADC91}.Release|Any CPU.ActiveCfg = Release|Any CPU
		{CA5C7AAC-90A6-CB0E-41A7-49C2BA2ADC91}.Release|Any CPU.Build.0 = Release|Any CPU
		{8413F9D0-B13D-A9A9-C5C7-E26E160B49CB}.Debug|Any CPU.ActiveCfg = Debug|Any CPU
		{8413F9D0-B13D-A9A9-C5C7-E26E160B49CB}.Debug|Any CPU.Build.0 = Debug|Any CPU
		{8413F9D0-B13D-A9A9-C5C7-E26E160B49CB}.Release|Any CPU.ActiveCfg = Release|Any CPU
		{8413F9D0-B13D-A9A9-C5C7-E26E160B49CB}.Release|Any CPU.Build.0 = Release|Any CPU
		{8029D736-37B6-B929-7823-73D73D22A3A8}.Debug|Any CPU.ActiveCfg = Debug|Any CPU
		{8029D736-37B6-B929-7823-73D73D22A3A8}.Debug|Any CPU.Build.0 = Debug|Any CPU
		{8029D736-37B6-B929-7823-73D73D22A3A8}.Release|Any CPU.ActiveCfg = Release|Any CPU
		{8029D736-37B6-B929-7823-73D73D22A3A8}.Release|Any CPU.Build.0 = Release|Any CPU
		{91C2EFC8-2E1E-B123-4DF8-8CC8C36C7D50}.Debug|Any CPU.ActiveCfg = Debug|Any CPU
		{91C2EFC8-2E1E-B123-4DF8-8CC8C36C7D50}.Debug|Any CPU.Build.0 = Debug|Any CPU
		{91C2EFC8-2E1E-B123-4DF8-8CC8C36C7D50}.Release|Any CPU.ActiveCfg = Release|Any CPU
		{91C2EFC8-2E1E-B123-4DF8-8CC8C36C7D50}.Release|Any CPU.Build.0 = Release|Any CPU
		{01D6EDE5-2F52-A2A2-70C4-C50050CFB977}.Debug|Any CPU.ActiveCfg = Debug|Any CPU
		{01D6EDE5-2F52-A2A2-70C4-C50050CFB977}.Debug|Any CPU.Build.0 = Debug|Any CPU
		{01D6EDE5-2F52-A2A2-70C4-C50050CFB977}.Release|Any CPU.ActiveCfg = Release|Any CPU
		{01D6EDE5-2F52-A2A2-70C4-C50050CFB977}.Release|Any CPU.Build.0 = Release|Any CPU
		{69CD5B0E-3E3A-A97A-EA98-56B02A037C3A}.Debug|Any CPU.ActiveCfg = Debug|Any CPU
		{69CD5B0E-3E3A-A97A-EA98-56B02A037C3A}.Debug|Any CPU.Build.0 = Debug|Any CPU
		{69CD5B0E-3E3A-A97A-EA98-56B02A037C3A}.Release|Any CPU.ActiveCfg = Release|Any CPU
		{69CD5B0E-3E3A-A97A-EA98-56B02A037C3A}.Release|Any CPU.Build.0 = Release|Any CPU
		{2BBBED62-1CC9-EE5E-6E56-770D3E83C11C}.Debug|Any CPU.ActiveCfg = Debug|Any CPU
		{2BBBED62-1CC9-EE5E-6E56-770D3E83C11C}.Debug|Any CPU.Build.0 = Debug|Any CPU
		{2BBBED62-1CC9-EE5E-6E56-770D3E83C11C}.Release|Any CPU.ActiveCfg = Release|Any CPU
		{2BBBED62-1CC9-EE5E-6E56-770D3E83C11C}.Release|Any CPU.Build.0 = Release|Any CPU
		{0BB13372-4812-0224-32D3-CC66E5C7A9D7}.Debug|Any CPU.ActiveCfg = Debug|Any CPU
		{0BB13372-4812-0224-32D3-CC66E5C7A9D7}.Debug|Any CPU.Build.0 = Debug|Any CPU
		{0BB13372-4812-0224-32D3-CC66E5C7A9D7}.Release|Any CPU.ActiveCfg = Release|Any CPU
		{0BB13372-4812-0224-32D3-CC66E5C7A9D7}.Release|Any CPU.Build.0 = Release|Any CPU
	EndGlobalSection
	GlobalSection(SolutionProperties) = preSolution
		HideSolutionNode = FALSE
	EndGlobalSection
EndGlobal
